
Microsoft Visual Studio Solution File, Format Version 12.00
# Visual Studio 15
VisualStudioVersion = 15.0.28010.2046
MinimumVisualStudioVersion = 10.0.40219.1
Project("{8BC9CEB8-8B4A-11D0-8D11-00A0C91BC942}") = "SokoSolver", "SokoSolver.vcxproj", "{18FF95C8-08AA-4E16-ACD5-82A7EA742538}"
EndProject
Global
	GlobalSection(SolutionConfigurationPlatforms) = preSolution
		Debug|x64 = Debug|x64
		Debug|x86 = Debug|x86
		Release|x64 = Release|x64
		Release|x86 = Release|x86
	EndGlobalSection
	GlobalSection(ProjectConfigurationPlatforms) = postSolution
		{18FF95C8-08AA-4E16-ACD5-82A7EA742538}.Debug|x64.ActiveCfg = Debug|x64
		{18FF95C8-08AA-4E16-ACD5-82A7EA742538}.Debug|x64.Build.0 = Debug|x64
		{18FF95C8-08AA-4E16-ACD5-82A7EA742538}.Debug|x86.ActiveCfg = Debug|Win32
		{18FF95C8-08AA-4E16-ACD5-82A7EA742538}.Debug|x86.Build.0 = Debug|Win32
		{18FF95C8-08AA-4E16-ACD5-82A7EA742538}.Release|x64.ActiveCfg = Release|x64
		{18FF95C8-08AA-4E16-ACD5-82A7EA742538}.Release|x64.Build.0 = Release|x64
		{18FF95C8-08AA-4E16-ACD5-82A7EA742538}.Release|x86.ActiveCfg = Release|Win32
		{18FF95C8-08AA-4E16-ACD5-82A7EA742538}.Release|x86.Build.0 = Release|Win32
	EndGlobalSection
	GlobalSection(SolutionProperties) = preSolution
		HideSolutionNode = FALSE
	EndGlobalSection
	GlobalSection(ExtensibilityGlobals) = postSolution
		SolutionGuid = {E4ABDDE8-79CF-4CA9-AF8A-51E3492E949B}
	EndGlobalSection
EndGlobal
